
Microsoft Visual Studio Solution File, Format Version 12.00
# Visual Studio Version 17
VisualStudioVersion = 17.5.33414.496
MinimumVisualStudioVersion = 10.0.40219.1
Project("{FAE04EC0-301F-11D3-BF4B-00C04F79EFBC}") = "tpmodul9_1302213052", "tpmodul9_1302213052\tpmodul9_1302213052.csproj", "{668250D8-F1E8-416E-9820-9ECD36FF52DF}"
EndProject
Global
	GlobalSection(SolutionConfigurationPlatforms) = preSolution
		Debug|Any CPU = Debug|Any CPU
		Release|Any CPU = Release|Any CPU
	EndGlobalSection
	GlobalSection(ProjectConfigurationPlatforms) = postSolution
		{668250D8-F1E8-416E-9820-9ECD36FF52DF}.Debug|Any CPU.ActiveCfg = Debug|Any CPU
		{668250D8-F1E8-416E-9820-9ECD36FF52DF}.Debug|Any CPU.Build.0 = Debug|Any CPU
		{668250D8-F1E8-416E-9820-9ECD36FF52DF}.Release|Any CPU.ActiveCfg = Release|Any CPU
		{668250D8-F1E8-416E-9820-9ECD36FF52DF}.Release|Any CPU.Build.0 = Release|Any CPU
	EndGlobalSection
	GlobalSection(SolutionProperties) = preSolution
		HideSolutionNode = FALSE
	EndGlobalSection
	GlobalSection(ExtensibilityGlobals) = postSolution
		SolutionGuid = {F0B9889A-4566-474E-B74D-B9C9D245D2A5}
	EndGlobalSection
EndGlobal
